
Microsoft Visual Studio Solution File, Format Version 12.00
# Visual Studio Version 16
VisualStudioVersion = 16.0.31321.278
MinimumVisualStudioVersion = 10.0.40219.1
Project("{D954291E-2A0B-460D-934E-DC6B0785DB48}") = "PortfolioTracker.Shared", "PortfolioTracker\PortfolioTracker.Shared\PortfolioTracker.Shared.shproj", "{6279C845-92F8-4333-AB99-3D213163593C}"
EndProject
Project("{2150E333-8FDC-42A3-9474-1A3956D46DE8}") = "Platforms", "Platforms", "{227BB145-E97F-4104-ABDD-E8ED4D965E0D}"
EndProject
Project("{FAE04EC0-301F-11D3-BF4B-00C04F79EFBC}") = "PortfolioTracker.Droid", "PortfolioTracker\PortfolioTracker.Droid\PortfolioTracker.Droid.csproj", "{8E757BF4-89B1-4638-89A6-B647845B235A}"
EndProject
Project("{FAE04EC0-301F-11D3-BF4B-00C04F79EFBC}") = "PortfolioTracker.UWP", "PortfolioTracker\PortfolioTracker.UWP\PortfolioTracker.UWP.csproj", "{19E94A78-8BB9-493B-B617-8E442B5B2087}"
EndProject
Project("{FAE04EC0-301F-11D3-BF4B-00C04F79EFBC}") = "PortfolioTracker.macOS", "PortfolioTracker\PortfolioTracker.macOS\PortfolioTracker.macOS.csproj", "{B3533C05-0A41-4F72-997C-FE83D3716777}"
EndProject
Project("{9A19103F-16F7-4668-BE54-9A1E7A4F7556}") = "PortfolioTracker.Skia.Gtk", "PortfolioTracker\PortfolioTracker.Skia.Gtk\PortfolioTracker.Skia.Gtk.csproj", "{365E46FC-70AC-4549-B1DF-0EAB38A93BA9}"
EndProject
Global
	GlobalSection(SharedMSBuildProjectFiles) = preSolution
		PortfolioTracker\PortfolioTracker.Shared\PortfolioTracker.Shared.projitems*{19e94a78-8bb9-493b-b617-8e442b5b2087}*SharedItemsImports = 4
		PortfolioTracker\PortfolioTracker.Shared\PortfolioTracker.Shared.projitems*{365e46fc-70ac-4549-b1df-0eab38a93ba9}*SharedItemsImports = 5
		PortfolioTracker\PortfolioTracker.Shared\PortfolioTracker.Shared.projitems*{6279c845-92f8-4333-ab99-3d213163593c}*SharedItemsImports = 13
		PortfolioTracker\PortfolioTracker.Shared\PortfolioTracker.Shared.projitems*{8e757bf4-89b1-4638-89a6-b647845b235a}*SharedItemsImports = 4
		PortfolioTracker\PortfolioTracker.Shared\PortfolioTracker.Shared.projitems*{b3533c05-0a41-4f72-997c-fe83d3716777}*SharedItemsImports = 4
	EndGlobalSection
	GlobalSection(SolutionConfigurationPlatforms) = preSolution
		Ad-Hoc|Any CPU = Ad-Hoc|Any CPU
		Ad-Hoc|ARM = Ad-Hoc|ARM
		Ad-Hoc|ARM64 = Ad-Hoc|ARM64
		Ad-Hoc|iPhone = Ad-Hoc|iPhone
		Ad-Hoc|iPhoneSimulator = Ad-Hoc|iPhoneSimulator
		Ad-Hoc|x64 = Ad-Hoc|x64
		Ad-Hoc|x86 = Ad-Hoc|x86
		AppStore|Any CPU = AppStore|Any CPU
		AppStore|ARM = AppStore|ARM
		AppStore|ARM64 = AppStore|ARM64
		AppStore|iPhone = AppStore|iPhone
		AppStore|iPhoneSimulator = AppStore|iPhoneSimulator
		AppStore|x64 = AppStore|x64
		AppStore|x86 = AppStore|x86
		Debug|Any CPU = Debug|Any CPU
		Debug|ARM = Debug|ARM
		Debug|ARM64 = Debug|ARM64
		Debug|iPhone = Debug|iPhone
		Debug|iPhoneSimulator = Debug|iPhoneSimulator
		Debug|x64 = Debug|x64
		Debug|x86 = Debug|x86
		Release|Any CPU = Release|Any CPU
		Release|ARM = Release|ARM
		Release|ARM64 = Release|ARM64
		Release|iPhone = Release|iPhone
		Release|iPhoneSimulator = Release|iPhoneSimulator
		Release|x64 = Release|x64
		Release|x86 = Release|x86
	EndGlobalSection
	GlobalSection(ProjectConfigurationPlatforms) = postSolution
		{8E757BF4-89B1-4638-89A6-B647845B235A}.Ad-Hoc|Any CPU.ActiveCfg = Debug|Any CPU
		{8E757BF4-89B1-4638-89A6-B647845B235A}.Ad-Hoc|Any CPU.Build.0 = Debug|Any CPU
		{8E757BF4-89B1-4638-89A6-B647845B235A}.Ad-Hoc|Any CPU.Deploy.0 = Debug|Any CPU
		{8E757BF4-89B1-4638-89A6-B647845B235A}.Ad-Hoc|ARM.ActiveCfg = Debug|Any CPU
		{8E757BF4-89B1-4638-89A6-B647845B235A}.Ad-Hoc|ARM.Build.0 = Debug|Any CPU
		{8E757BF4-89B1-4638-89A6-B647845B235A}.Ad-Hoc|ARM.Deploy.0 = Debug|Any CPU
		{8E757BF4-89B1-4638-89A6-B647845B235A}.Ad-Hoc|ARM64.ActiveCfg = Debug|Any CPU
		{8E757BF4-89B1-4638-89A6-B647845B235A}.Ad-Hoc|ARM64.Build.0 = Debug|Any CPU
		{8E757BF4-89B1-4638-89A6-B647845B235A}.Ad-Hoc|ARM64.Deploy.0 = Debug|Any CPU
		{8E757BF4-89B1-4638-89A6-B647845B235A}.Ad-Hoc|iPhone.ActiveCfg = Debug|Any CPU
		{8E757BF4-89B1-4638-89A6-B647845B235A}.Ad-Hoc|iPhone.Build.0 = Debug|Any CPU
		{8E757BF4-89B1-4638-89A6-B647845B235A}.Ad-Hoc|iPhone.Deploy.0 = Debug|Any CPU
		{8E757BF4-89B1-4638-89A6-B647845B235A}.Ad-Hoc|iPhoneSimulator.ActiveCfg = Debug|Any CPU
		{8E757BF4-89B1-4638-89A6-B647845B235A}.Ad-Hoc|iPhoneSimulator.Build.0 = Debug|Any CPU
		{8E757BF4-89B1-4638-89A6-B647845B235A}.Ad-Hoc|iPhoneSimulator.Deploy.0 = Debug|Any CPU
		{8E757BF4-89B1-4638-89A6-B647845B235A}.Ad-Hoc|x64.ActiveCfg = Debug|Any CPU
		{8E757BF4-89B1-4638-89A6-B647845B235A}.Ad-Hoc|x64.Build.0 = Debug|Any CPU
		{8E757BF4-89B1-4638-89A6-B647845B235A}.Ad-Hoc|x64.Deploy.0 = Debug|Any CPU
		{8E757BF4-89B1-4638-89A6-B647845B235A}.Ad-Hoc|x86.ActiveCfg = Debug|Any CPU
		{8E757BF4-89B1-4638-89A6-B647845B235A}.Ad-Hoc|x86.Build.0 = Debug|Any CPU
		{8E757BF4-89B1-4638-89A6-B647845B235A}.Ad-Hoc|x86.Deploy.0 = Debug|Any CPU
		{8E757BF4-89B1-4638-89A6-B647845B235A}.AppStore|Any CPU.ActiveCfg = Debug|Any CPU
		{8E757BF4-89B1-4638-89A6-B647845B235A}.AppStore|Any CPU.Build.0 = Debug|Any CPU
		{8E757BF4-89B1-4638-89A6-B647845B235A}.AppStore|Any CPU.Deploy.0 = Debug|Any CPU
		{8E757BF4-89B1-4638-89A6-B647845B235A}.AppStore|ARM.ActiveCfg = Debug|Any CPU
		{8E757BF4-89B1-4638-89A6-B647845B235A}.AppStore|ARM.Build.0 = Debug|Any CPU
		{8E757BF4-89B1-4638-89A6-B647845B235A}.AppStore|ARM.Deploy.0 = Debug|Any CPU
		{8E757BF4-89B1-4638-89A6-B647845B235A}.AppStore|ARM64.ActiveCfg = Debug|Any CPU
		{8E757BF4-89B1-4638-89A6-B647845B235A}.AppStore|ARM64.Build.0 = Debug|Any CPU
		{8E757BF4-89B1-4638-89A6-B647845B235A}.AppStore|ARM64.Deploy.0 = Debug|Any CPU
		{8E757BF4-89B1-4638-89A6-B647845B235A}.AppStore|iPhone.ActiveCfg = Debug|Any CPU
		{8E757BF4-89B1-4638-89A6-B647845B235A}.AppStore|iPhone.Build.0 = Debug|Any CPU
		{8E757BF4-89B1-4638-89A6-B647845B235A}.AppStore|iPhone.Deploy.0 = Debug|Any CPU
		{8E757BF4-89B1-4638-89A6-B647845B235A}.AppStore|iPhoneSimulator.ActiveCfg = Debug|Any CPU
		{8E757BF4-89B1-4638-89A6-B647845B235A}.AppStore|iPhoneSimulator.Build.0 = Debug|Any CPU
		{8E757BF4-89B1-4638-89A6-B647845B235A}.AppStore|iPhoneSimulator.Deploy.0 = Debug|Any CPU
		{8E757BF4-89B1-4638-89A6-B647845B235A}.AppStore|x64.ActiveCfg = Debug|Any CPU
		{8E757BF4-89B1-4638-89A6-B647845B235A}.AppStore|x64.Build.0 = Debug|Any CPU
		{8E757BF4-89B1-4638-89A6-B647845B235A}.AppStore|x64.Deploy.0 = Debug|Any CPU
		{8E757BF4-89B1-4638-89A6-B647845B235A}.AppStore|x86.ActiveCfg = Debug|Any CPU
		{8E757BF4-89B1-4638-89A6-B647845B235A}.AppStore|x86.Build.0 = Debug|Any CPU
		{8E757BF4-89B1-4638-89A6-B647845B235A}.AppStore|x86.Deploy.0 = Debug|Any CPU
		{8E757BF4-89B1-4638-89A6-B647845B235A}.Debug|Any CPU.ActiveCfg = Debug|Any CPU
		{8E757BF4-89B1-4638-89A6-B647845B235A}.Debug|Any CPU.Build.0 = Debug|Any CPU
		{8E757BF4-89B1-4638-89A6-B647845B235A}.Debug|Any CPU.Deploy.0 = Debug|Any CPU
		{8E757BF4-89B1-4638-89A6-B647845B235A}.Debug|ARM.ActiveCfg = Debug|Any CPU
		{8E757BF4-89B1-4638-89A6-B647845B235A}.Debug|ARM.Build.0 = Debug|Any CPU
		{8E757BF4-89B1-4638-89A6-B647845B235A}.Debug|ARM.Deploy.0 = Debug|Any CPU
		{8E757BF4-89B1-4638-89A6-B647845B235A}.Debug|ARM64.ActiveCfg = Debug|Any CPU
		{8E757BF4-89B1-4638-89A6-B647845B235A}.Debug|ARM64.Build.0 = Debug|Any CPU
		{8E757BF4-89B1-4638-89A6-B647845B235A}.Debug|ARM64.Deploy.0 = Debug|Any CPU
		{8E757BF4-89B1-4638-89A6-B647845B235A}.Debug|iPhone.ActiveCfg = Debug|Any CPU
		{8E757BF4-89B1-4638-89A6-B647845B235A}.Debug|iPhone.Build.0 = Debug|Any CPU
		{8E757BF4-89B1-4638-89A6-B647845B235A}.Debug|iPhone.Deploy.0 = Debug|Any CPU
		{8E757BF4-89B1-4638-89A6-B647845B235A}.Debug|iPhoneSimulator.ActiveCfg = Debug|Any CPU
		{8E757BF4-89B1-4638-89A6-B647845B235A}.Debug|iPhoneSimulator.Build.0 = Debug|Any CPU
		{8E757BF4-89B1-4638-89A6-B647845B235A}.Debug|iPhoneSimulator.Deploy.0 = Debug|Any CPU
		{8E757BF4-89B1-4638-89A6-B647845B235A}.Debug|x64.ActiveCfg = Debug|Any CPU
		{8E757BF4-89B1-4638-89A6-B647845B235A}.Debug|x64.Build.0 = Debug|Any CPU
		{8E757BF4-89B1-4638-89A6-B647845B235A}.Debug|x64.Deploy.0 = Debug|Any CPU
		{8E757BF4-89B1-4638-89A6-B647845B235A}.Debug|x86.ActiveCfg = Debug|Any CPU
		{8E757BF4-89B1-4638-89A6-B647845B235A}.Debug|x86.Build.0 = Debug|Any CPU
		{8E757BF4-89B1-4638-89A6-B647845B235A}.Debug|x86.Deploy.0 = Debug|Any CPU
		{8E757BF4-89B1-4638-89A6-B647845B235A}.Release|Any CPU.ActiveCfg = Release|Any CPU
		{8E757BF4-89B1-4638-89A6-B647845B235A}.Release|Any CPU.Build.0 = Release|Any CPU
		{8E757BF4-89B1-4638-89A6-B647845B235A}.Release|Any CPU.Deploy.0 = Release|Any CPU
		{8E757BF4-89B1-4638-89A6-B647845B235A}.Release|ARM.ActiveCfg = Release|Any CPU
		{8E757BF4-89B1-4638-89A6-B647845B235A}.Release|ARM.Build.0 = Release|Any CPU
		{8E757BF4-89B1-4638-89A6-B647845B235A}.Release|ARM.Deploy.0 = Release|Any CPU
		{8E757BF4-89B1-4638-89A6-B647845B235A}.Release|ARM64.ActiveCfg = Release|Any CPU
		{8E757BF4-89B1-4638-89A6-B647845B235A}.Release|ARM64.Build.0 = Release|Any CPU
		{8E757BF4-89B1-4638-89A6-B647845B235A}.Release|ARM64.Deploy.0 = Release|Any CPU
		{8E757BF4-89B1-4638-89A6-B647845B235A}.Release|iPhone.ActiveCfg = Release|Any CPU
		{8E757BF4-89B1-4638-89A6-B647845B235A}.Release|iPhone.Build.0 = Release|Any CPU
		{8E757BF4-89B1-4638-89A6-B647845B235A}.Release|iPhone.Deploy.0 = Release|Any CPU
		{8E757BF4-89B1-4638-89A6-B647845B235A}.Release|iPhoneSimulator.ActiveCfg = Release|Any CPU
		{8E757BF4-89B1-4638-89A6-B647845B235A}.Release|iPhoneSimulator.Build.0 = Release|Any CPU
		{8E757BF4-89B1-4638-89A6-B647845B235A}.Release|iPhoneSimulator.Deploy.0 = Release|Any CPU
		{8E757BF4-89B1-4638-89A6-B647845B235A}.Release|x64.ActiveCfg = Release|Any CPU
		{8E757BF4-89B1-4638-89A6-B647845B235A}.Release|x64.Build.0 = Release|Any CPU
		{8E757BF4-89B1-4638-89A6-B647845B235A}.Release|x64.Deploy.0 = Release|Any CPU
		{8E757BF4-89B1-4638-89A6-B647845B235A}.Release|x86.ActiveCfg = Release|Any CPU
		{8E757BF4-89B1-4638-89A6-B647845B235A}.Release|x86.Build.0 = Release|Any CPU
		{8E757BF4-89B1-4638-89A6-B647845B235A}.Release|x86.Deploy.0 = Release|Any CPU
		{19E94A78-8BB9-493B-B617-8E442B5B2087}.Ad-Hoc|Any CPU.ActiveCfg = Debug|x86
		{19E94A78-8BB9-493B-B617-8E442B5B2087}.Ad-Hoc|Any CPU.Build.0 = Debug|x86
		{19E94A78-8BB9-493B-B617-8E442B5B2087}.Ad-Hoc|Any CPU.Deploy.0 = Debug|x86
		{19E94A78-8BB9-493B-B617-8E442B5B2087}.Ad-Hoc|ARM.ActiveCfg = Debug|ARM
		{19E94A78-8BB9-493B-B617-8E442B5B2087}.Ad-Hoc|ARM.Build.0 = Debug|ARM
		{19E94A78-8BB9-493B-B617-8E442B5B2087}.Ad-Hoc|ARM.Deploy.0 = Debug|ARM
		{19E94A78-8BB9-493B-B617-8E442B5B2087}.Ad-Hoc|ARM64.ActiveCfg = Debug|ARM64
		{19E94A78-8BB9-493B-B617-8E442B5B2087}.Ad-Hoc|ARM64.Build.0 = Debug|ARM64
		{19E94A78-8BB9-493B-B617-8E442B5B2087}.Ad-Hoc|ARM64.Deploy.0 = Debug|ARM64
		{19E94A78-8BB9-493B-B617-8E442B5B2087}.Ad-Hoc|iPhone.ActiveCfg = Debug|x86
		{19E94A78-8BB9-493B-B617-8E442B5B2087}.Ad-Hoc|iPhone.Build.0 = Debug|x86
		{19E94A78-8BB9-493B-B617-8E442B5B2087}.Ad-Hoc|iPhone.Deploy.0 = Debug|x86
		{19E94A78-8BB9-493B-B617-8E442B5B2087}.Ad-Hoc|iPhoneSimulator.ActiveCfg = Debug|x86
		{19E94A78-8BB9-493B-B617-8E442B5B2087}.Ad-Hoc|iPhoneSimulator.Build.0 = Debug|x86
		{19E94A78-8BB9-493B-B617-8E442B5B2087}.Ad-Hoc|iPhoneSimulator.Deploy.0 = Debug|x86
		{19E94A78-8BB9-493B-B617-8E442B5B2087}.Ad-Hoc|x64.ActiveCfg = Debug|x64
		{19E94A78-8BB9-493B-B617-8E442B5B2087}.Ad-Hoc|x64.Build.0 = Debug|x64
		{19E94A78-8BB9-493B-B617-8E442B5B2087}.Ad-Hoc|x64.Deploy.0 = Debug|x64
		{19E94A78-8BB9-493B-B617-8E442B5B2087}.Ad-Hoc|x86.ActiveCfg = Debug|x86
		{19E94A78-8BB9-493B-B617-8E442B5B2087}.Ad-Hoc|x86.Build.0 = Debug|x86
		{19E94A78-8BB9-493B-B617-8E442B5B2087}.Ad-Hoc|x86.Deploy.0 = Debug|x86
		{19E94A78-8BB9-493B-B617-8E442B5B2087}.AppStore|Any CPU.ActiveCfg = Debug|x86
		{19E94A78-8BB9-493B-B617-8E442B5B2087}.AppStore|Any CPU.Build.0 = Debug|x86
		{19E94A78-8BB9-493B-B617-8E442B5B2087}.AppStore|Any CPU.Deploy.0 = Debug|x86
		{19E94A78-8BB9-493B-B617-8E442B5B2087}.AppStore|ARM.ActiveCfg = Debug|ARM
		{19E94A78-8BB9-493B-B617-8E442B5B2087}.AppStore|ARM.Build.0 = Debug|ARM
		{19E94A78-8BB9-493B-B617-8E442B5B2087}.AppStore|ARM.Deploy.0 = Debug|ARM
		{19E94A78-8BB9-493B-B617-8E442B5B2087}.AppStore|ARM64.ActiveCfg = Debug|ARM64
		{19E94A78-8BB9-493B-B617-8E442B5B2087}.AppStore|ARM64.Build.0 = Debug|ARM64
		{19E94A78-8BB9-493B-B617-8E442B5B2087}.AppStore|ARM64.Deploy.0 = Debug|ARM64
		{19E94A78-8BB9-493B-B617-8E442B5B2087}.AppStore|iPhone.ActiveCfg = Debug|x86
		{19E94A78-8BB9-493B-B617-8E442B5B2087}.AppStore|iPhone.Build.0 = Debug|x86
		{19E94A78-8BB9-493B-B617-8E442B5B2087}.AppStore|iPhone.Deploy.0 = Debug|x86
		{19E94A78-8BB9-493B-B617-8E442B5B2087}.AppStore|iPhoneSimulator.ActiveCfg = Debug|x86
		{19E94A78-8BB9-493B-B617-8E442B5B2087}.AppStore|iPhoneSimulator.Build.0 = Debug|x86
		{19E94A78-8BB9-493B-B617-8E442B5B2087}.AppStore|iPhoneSimulator.Deploy.0 = Debug|x86
		{19E94A78-8BB9-493B-B617-8E442B5B2087}.AppStore|x64.ActiveCfg = Debug|x64
		{19E94A78-8BB9-493B-B617-8E442B5B2087}.AppStore|x64.Build.0 = Debug|x64
		{19E94A78-8BB9-493B-B617-8E442B5B2087}.AppStore|x64.Deploy.0 = Debug|x64
		{19E94A78-8BB9-493B-B617-8E442B5B2087}.AppStore|x86.ActiveCfg = Debug|x86
		{19E94A78-8BB9-493B-B617-8E442B5B2087}.AppStore|x86.Build.0 = Debug|x86
		{19E94A78-8BB9-493B-B617-8E442B5B2087}.AppStore|x86.Deploy.0 = Debug|x86
		{19E94A78-8BB9-493B-B617-8E442B5B2087}.Debug|Any CPU.ActiveCfg = Debug|x86
		{19E94A78-8BB9-493B-B617-8E442B5B2087}.Debug|Any CPU.Build.0 = Debug|x86
		{19E94A78-8BB9-493B-B617-8E442B5B2087}.Debug|Any CPU.Deploy.0 = Debug|x86
		{19E94A78-8BB9-493B-B617-8E442B5B2087}.Debug|ARM.ActiveCfg = Debug|ARM
		{19E94A78-8BB9-493B-B617-8E442B5B2087}.Debug|ARM.Build.0 = Debug|ARM
		{19E94A78-8BB9-493B-B617-8E442B5B2087}.Debug|ARM.Deploy.0 = Debug|ARM
		{19E94A78-8BB9-493B-B617-8E442B5B2087}.Debug|ARM64.ActiveCfg = Debug|ARM64
		{19E94A78-8BB9-493B-B617-8E442B5B2087}.Debug|ARM64.Build.0 = Debug|ARM64
		{19E94A78-8BB9-493B-B617-8E442B5B2087}.Debug|ARM64.Deploy.0 = Debug|ARM64
		{19E94A78-8BB9-493B-B617-8E442B5B2087}.Debug|iPhone.ActiveCfg = Debug|x86
		{19E94A78-8BB9-493B-B617-8E442B5B2087}.Debug|iPhoneSimulator.ActiveCfg = Debug|x86
		{19E94A78-8BB9-493B-B617-8E442B5B2087}.Debug|x64.ActiveCfg = Debug|x64
		{19E94A78-8BB9-493B-B617-8E442B5B2087}.Debug|x64.Build.0 = Debug|x64
		{19E94A78-8BB9-493B-B617-8E442B5B2087}.Debug|x64.Deploy.0 = Debug|x64
		{19E94A78-8BB9-493B-B617-8E442B5B2087}.Debug|x86.ActiveCfg = Debug|x86
		{19E94A78-8BB9-493B-B617-8E442B5B2087}.Debug|x86.Build.0 = Debug|x86
		{19E94A78-8BB9-493B-B617-8E442B5B2087}.Debug|x86.Deploy.0 = Debug|x86
		{19E94A78-8BB9-493B-B617-8E442B5B2087}.Release|Any CPU.ActiveCfg = Release|x86
		{19E94A78-8BB9-493B-B617-8E442B5B2087}.Release|ARM.ActiveCfg = Release|ARM
		{19E94A78-8BB9-493B-B617-8E442B5B2087}.Release|ARM.Build.0 = Release|ARM
		{19E94A78-8BB9-493B-B617-8E442B5B2087}.Release|ARM.Deploy.0 = Release|ARM
		{19E94A78-8BB9-493B-B617-8E442B5B2087}.Release|ARM64.ActiveCfg = Release|ARM64
		{19E94A78-8BB9-493B-B617-8E442B5B2087}.Release|ARM64.Build.0 = Release|ARM64
		{19E94A78-8BB9-493B-B617-8E442B5B2087}.Release|ARM64.Deploy.0 = Release|ARM64
		{19E94A78-8BB9-493B-B617-8E442B5B2087}.Release|iPhone.ActiveCfg = Release|x86
		{19E94A78-8BB9-493B-B617-8E442B5B2087}.Release|iPhoneSimulator.ActiveCfg = Release|x86
		{19E94A78-8BB9-493B-B617-8E442B5B2087}.Release|x64.ActiveCfg = Release|x64
		{19E94A78-8BB9-493B-B617-8E442B5B2087}.Release|x64.Build.0 = Release|x64
		{19E94A78-8BB9-493B-B617-8E442B5B2087}.Release|x64.Deploy.0 = Release|x64
		{19E94A78-8BB9-493B-B617-8E442B5B2087}.Release|x86.ActiveCfg = Release|x86
		{19E94A78-8BB9-493B-B617-8E442B5B2087}.Release|x86.Build.0 = Release|x86
		{19E94A78-8BB9-493B-B617-8E442B5B2087}.Release|x86.Deploy.0 = Release|x86
		{B3533C05-0A41-4F72-997C-FE83D3716777}.Ad-Hoc|Any CPU.ActiveCfg = Debug|iPhoneSimulator
		{B3533C05-0A41-4F72-997C-FE83D3716777}.Ad-Hoc|Any CPU.Build.0 = Debug|iPhoneSimulator
		{B3533C05-0A41-4F72-997C-FE83D3716777}.Ad-Hoc|ARM.ActiveCfg = Debug|iPhoneSimulator
		{B3533C05-0A41-4F72-997C-FE83D3716777}.Ad-Hoc|ARM.Build.0 = Debug|iPhoneSimulator
		{B3533C05-0A41-4F72-997C-FE83D3716777}.Ad-Hoc|ARM64.ActiveCfg = Debug|iPhoneSimulator
		{B3533C05-0A41-4F72-997C-FE83D3716777}.Ad-Hoc|ARM64.Build.0 = Debug|iPhoneSimulator
		{B3533C05-0A41-4F72-997C-FE83D3716777}.Ad-Hoc|iPhone.ActiveCfg = Debug|iPhoneSimulator
		{B3533C05-0A41-4F72-997C-FE83D3716777}.Ad-Hoc|iPhone.Build.0 = Debug|iPhoneSimulator
		{B3533C05-0A41-4F72-997C-FE83D3716777}.Ad-Hoc|iPhoneSimulator.ActiveCfg = Debug|iPhoneSimulator
		{B3533C05-0A41-4F72-997C-FE83D3716777}.Ad-Hoc|iPhoneSimulator.Build.0 = Debug|iPhoneSimulator
		{B3533C05-0A41-4F72-997C-FE83D3716777}.Ad-Hoc|x64.ActiveCfg = Debug|iPhoneSimulator
		{B3533C05-0A41-4F72-997C-FE83D3716777}.Ad-Hoc|x64.Build.0 = Debug|iPhoneSimulator
		{B3533C05-0A41-4F72-997C-FE83D3716777}.Ad-Hoc|x86.ActiveCfg = Debug|iPhoneSimulator
		{B3533C05-0A41-4F72-997C-FE83D3716777}.Ad-Hoc|x86.Build.0 = Debug|iPhoneSimulator
		{B3533C05-0A41-4F72-997C-FE83D3716777}.AppStore|Any CPU.ActiveCfg = Debug|iPhoneSimulator
		{B3533C05-0A41-4F72-997C-FE83D3716777}.AppStore|Any CPU.Build.0 = Debug|iPhoneSimulator
		{B3533C05-0A41-4F72-997C-FE83D3716777}.AppStore|ARM.ActiveCfg = Debug|iPhoneSimulator
		{B3533C05-0A41-4F72-997C-FE83D3716777}.AppStore|ARM.Build.0 = Debug|iPhoneSimulator
		{B3533C05-0A41-4F72-997C-FE83D3716777}.AppStore|ARM64.ActiveCfg = Debug|iPhoneSimulator
		{B3533C05-0A41-4F72-997C-FE83D3716777}.AppStore|ARM64.Build.0 = Debug|iPhoneSimulator
		{B3533C05-0A41-4F72-997C-FE83D3716777}.AppStore|iPhone.ActiveCfg = Debug|iPhoneSimulator
		{B3533C05-0A41-4F72-997C-FE83D3716777}.AppStore|iPhone.Build.0 = Debug|iPhoneSimulator
		{B3533C05-0A41-4F72-997C-FE83D3716777}.AppStore|iPhoneSimulator.ActiveCfg = Debug|iPhoneSimulator
		{B3533C05-0A41-4F72-997C-FE83D3716777}.AppStore|iPhoneSimulator.Build.0 = Debug|iPhoneSimulator
		{B3533C05-0A41-4F72-997C-FE83D3716777}.AppStore|x64.ActiveCfg = Debug|iPhoneSimulator
		{B3533C05-0A41-4F72-997C-FE83D3716777}.AppStore|x64.Build.0 = Debug|iPhoneSimulator
		{B3533C05-0A41-4F72-997C-FE83D3716777}.AppStore|x86.ActiveCfg = Debug|iPhoneSimulator
		{B3533C05-0A41-4F72-997C-FE83D3716777}.AppStore|x86.Build.0 = Debug|iPhoneSimulator
		{B3533C05-0A41-4F72-997C-FE83D3716777}.Debug|Any CPU.ActiveCfg = Debug|iPhoneSimulator
		{B3533C05-0A41-4F72-997C-FE83D3716777}.Debug|ARM.ActiveCfg = Debug|iPhoneSimulator
		{B3533C05-0A41-4F72-997C-FE83D3716777}.Debug|ARM64.ActiveCfg = Debug|iPhoneSimulator
		{B3533C05-0A41-4F72-997C-FE83D3716777}.Debug|iPhone.ActiveCfg = Debug|iPhoneSimulator
		{B3533C05-0A41-4F72-997C-FE83D3716777}.Debug|iPhoneSimulator.ActiveCfg = Debug|iPhoneSimulator
		{B3533C05-0A41-4F72-997C-FE83D3716777}.Debug|iPhoneSimulator.Build.0 = Debug|iPhoneSimulator
		{B3533C05-0A41-4F72-997C-FE83D3716777}.Debug|x64.ActiveCfg = Debug|iPhoneSimulator
		{B3533C05-0A41-4F72-997C-FE83D3716777}.Debug|x86.ActiveCfg = Debug|iPhoneSimulator
		{B3533C05-0A41-4F72-997C-FE83D3716777}.Release|Any CPU.ActiveCfg = Release|iPhoneSimulator
		{B3533C05-0A41-4F72-997C-FE83D3716777}.Release|ARM.ActiveCfg = Release|iPhoneSimulator
		{B3533C05-0A41-4F72-997C-FE83D3716777}.Release|ARM64.ActiveCfg = Release|iPhoneSimulator
		{B3533C05-0A41-4F72-997C-FE83D3716777}.Release|iPhone.ActiveCfg = Release|iPhoneSimulator
		{B3533C05-0A41-4F72-997C-FE83D3716777}.Release|iPhoneSimulator.ActiveCfg = Release|iPhoneSimulator
		{B3533C05-0A41-4F72-997C-FE83D3716777}.Release|iPhoneSimulator.Build.0 = Release|iPhoneSimulator
		{B3533C05-0A41-4F72-997C-FE83D3716777}.Release|x64.ActiveCfg = Release|iPhoneSimulator
		{B3533C05-0A41-4F72-997C-FE83D3716777}.Release|x86.ActiveCfg = Release|iPhoneSimulator
		{365E46FC-70AC-4549-B1DF-0EAB38A93BA9}.Ad-Hoc|Any CPU.ActiveCfg = Debug|Any CPU
		{365E46FC-70AC-4549-B1DF-0EAB38A93BA9}.Ad-Hoc|Any CPU.Build.0 = Debug|Any CPU
		{365E46FC-70AC-4549-B1DF-0EAB38A93BA9}.Ad-Hoc|ARM.ActiveCfg = Debug|Any CPU
		{365E46FC-70AC-4549-B1DF-0EAB38A93BA9}.Ad-Hoc|ARM.Build.0 = Debug|Any CPU
		{365E46FC-70AC-4549-B1DF-0EAB38A93BA9}.Ad-Hoc|ARM64.ActiveCfg = Debug|Any CPU
		{365E46FC-70AC-4549-B1DF-0EAB38A93BA9}.Ad-Hoc|ARM64.Build.0 = Debug|Any CPU
		{365E46FC-70AC-4549-B1DF-0EAB38A93BA9}.Ad-Hoc|iPhone.ActiveCfg = Debug|Any CPU
		{365E46FC-70AC-4549-B1DF-0EAB38A93BA9}.Ad-Hoc|iPhone.Build.0 = Debug|Any CPU
		{365E46FC-70AC-4549-B1DF-0EAB38A93BA9}.Ad-Hoc|iPhoneSimulator.ActiveCfg = Debug|Any CPU
		{365E46FC-70AC-4549-B1DF-0EAB38A93BA9}.Ad-Hoc|iPhoneSimulator.Build.0 = Debug|Any CPU
		{365E46FC-70AC-4549-B1DF-0EAB38A93BA9}.Ad-Hoc|x64.ActiveCfg = Debug|Any CPU
		{365E46FC-70AC-4549-B1DF-0EAB38A93BA9}.Ad-Hoc|x64.Build.0 = Debug|Any CPU
		{365E46FC-70AC-4549-B1DF-0EAB38A93BA9}.Ad-Hoc|x86.ActiveCfg = Debug|Any CPU
		{365E46FC-70AC-4549-B1DF-0EAB38A93BA9}.Ad-Hoc|x86.Build.0 = Debug|Any CPU
		{365E46FC-70AC-4549-B1DF-0EAB38A93BA9}.AppStore|Any CPU.ActiveCfg = Debug|Any CPU
		{365E46FC-70AC-4549-B1DF-0EAB38A93BA9}.AppStore|Any CPU.Build.0 = Debug|Any CPU
		{365E46FC-70AC-4549-B1DF-0EAB38A93BA9}.AppStore|ARM.ActiveCfg = Debug|Any CPU
		{365E46FC-70AC-4549-B1DF-0EAB38A93BA9}.AppStore|ARM.Build.0 = Debug|Any CPU
		{365E46FC-70AC-4549-B1DF-0EAB38A93BA9}.AppStore|ARM64.ActiveCfg = Debug|Any CPU
		{365E46FC-70AC-4549-B1DF-0EAB38A93BA9}.AppStore|ARM64.Build.0 = Debug|Any CPU
		{365E46FC-70AC-4549-B1DF-0EAB38A93BA9}.AppStore|iPhone.ActiveCfg = Debug|Any CPU
		{365E46FC-70AC-4549-B1DF-0EAB38A93BA9}.AppStore|iPhone.Build.0 = Debug|Any CPU
		{365E46FC-70AC-4549-B1DF-0EAB38A93BA9}.AppStore|iPhoneSimulator.ActiveCfg = Debug|Any CPU
		{365E46FC-70AC-4549-B1DF-0EAB38A93BA9}.AppStore|iPhoneSimulator.Build.0 = Debug|Any CPU
		{365E46FC-70AC-4549-B1DF-0EAB38A93BA9}.AppStore|x64.ActiveCfg = Debug|Any CPU
		{365E46FC-70AC-4549-B1DF-0EAB38A93BA9}.AppStore|x64.Build.0 = Debug|Any CPU
		{365E46FC-70AC-4549-B1DF-0EAB38A93BA9}.AppStore|x86.ActiveCfg = Debug|Any CPU
		{365E46FC-70AC-4549-B1DF-0EAB38A93BA9}.AppStore|x86.Build.0 = Debug|Any CPU
		{365E46FC-70AC-4549-B1DF-0EAB38A93BA9}.Debug|Any CPU.ActiveCfg = Debug|Any CPU
		{365E46FC-70AC-4549-B1DF-0EAB38A93BA9}.Debug|Any CPU.Build.0 = Debug|Any CPU
		{365E46FC-70AC-4549-B1DF-0EAB38A93BA9}.Debug|ARM.ActiveCfg = Debug|Any CPU
		{365E46FC-70AC-4549-B1DF-0EAB38A93BA9}.Debug|ARM.Build.0 = Debug|Any CPU
		{365E46FC-70AC-4549-B1DF-0EAB38A93BA9}.Debug|ARM64.ActiveCfg = Debug|Any CPU
		{365E46FC-70AC-4549-B1DF-0EAB38A93BA9}.Debug|ARM64.Build.0 = Debug|Any CPU
		{365E46FC-70AC-4549-B1DF-0EAB38A93BA9}.Debug|iPhone.ActiveCfg = Debug|Any CPU
		{365E46FC-70AC-4549-B1DF-0EAB38A93BA9}.Debug|iPhone.Build.0 = Debug|Any CPU
		{365E46FC-70AC-4549-B1DF-0EAB38A93BA9}.Debug|iPhoneSimulator.ActiveCfg = Debug|Any CPU
		{365E46FC-70AC-4549-B1DF-0EAB38A93BA9}.Debug|iPhoneSimulator.Build.0 = Debug|Any CPU
		{365E46FC-70AC-4549-B1DF-0EAB38A93BA9}.Debug|x64.ActiveCfg = Debug|Any CPU
		{365E46FC-70AC-4549-B1DF-0EAB38A93BA9}.Debug|x64.Build.0 = Debug|Any CPU
		{365E46FC-70AC-4549-B1DF-0EAB38A93BA9}.Debug|x86.ActiveCfg = Debug|Any CPU
		{365E46FC-70AC-4549-B1DF-0EAB38A93BA9}.Debug|x86.Build.0 = Debug|Any CPU
		{365E46FC-70AC-4549-B1DF-0EAB38A93BA9}.Release|Any CPU.ActiveCfg = Release|Any CPU
		{365E46FC-70AC-4549-B1DF-0EAB38A93BA9}.Release|Any CPU.Build.0 = Release|Any CPU
		{365E46FC-70AC-4549-B1DF-0EAB38A93BA9}.Release|ARM.ActiveCfg = Release|Any CPU
		{365E46FC-70AC-4549-B1DF-0EAB38A93BA9}.Release|ARM.Build.0 = Release|Any CPU
		{365E46FC-70AC-4549-B1DF-0EAB38A93BA9}.Release|ARM64.ActiveCfg = Release|Any CPU
		{365E46FC-70AC-4549-B1DF-0EAB38A93BA9}.Release|ARM64.Build.0 = Release|Any CPU
		{365E46FC-70AC-4549-B1DF-0EAB38A93BA9}.Release|iPhone.ActiveCfg = Release|Any CPU
		{365E46FC-70AC-4549-B1DF-0EAB38A93BA9}.Release|iPhone.Build.0 = Release|Any CPU
		{365E46FC-70AC-4549-B1DF-0EAB38A93BA9}.Release|iPhoneSimulator.ActiveCfg = Release|Any CPU
		{365E46FC-70AC-4549-B1DF-0EAB38A93BA9}.Release|iPhoneSimulator.Build.0 = Release|Any CPU
		{365E46FC-70AC-4549-B1DF-0EAB38A93BA9}.Release|x64.ActiveCfg = Release|Any CPU
		{365E46FC-70AC-4549-B1DF-0EAB38A93BA9}.Release|x64.Build.0 = Release|Any CPU
		{365E46FC-70AC-4549-B1DF-0EAB38A93BA9}.Release|x86.ActiveCfg = Release|Any CPU
		{365E46FC-70AC-4549-B1DF-0EAB38A93BA9}.Release|x86.Build.0 = Release|Any CPU
	EndGlobalSection
	GlobalSection(SolutionProperties) = preSolution
		HideSolutionNode = FALSE
	EndGlobalSection
	GlobalSection(NestedProjects) = preSolution
		{8E757BF4-89B1-4638-89A6-B647845B235A} = {227BB145-E97F-4104-ABDD-E8ED4D965E0D}
		{19E94A78-8BB9-493B-B617-8E442B5B2087} = {227BB145-E97F-4104-ABDD-E8ED4D965E0D}
		{B3533C05-0A41-4F72-997C-FE83D3716777} = {227BB145-E97F-4104-ABDD-E8ED4D965E0D}
		{365E46FC-70AC-4549-B1DF-0EAB38A93BA9} = {227BB145-E97F-4104-ABDD-E8ED4D965E0D}
	EndGlobalSection
	GlobalSection(ExtensibilityGlobals) = postSolution
		SolutionGuid = {EF69C1CD-8BC2-4A7E-9B2E-A8125A863116}
	EndGlobalSection
EndGlobal
